// !$*UTF8*$!
{
	archiveVersion = 1;
	classes = {
	};
	objectVersion = 46;
	objects = {

/* Begin PBXAggregateTarget section */
		A1133C1C1F1F5D4800D2A774 /* IMXUIsCptAgg */ = {
			isa = PBXAggregateTarget;
			buildConfigurationList = A1133C1D1F1F5D4800D2A774 /* Build configuration list for PBXAggregateTarget "IMXUIsCptAgg" */;
			buildPhases = (
				A1133C201F1F5D5B00D2A774 /* ShellScript */,
			);
			dependencies = (
			);
			name = IMXUIsCptAgg;
			productName = IMXUIsCptAgg;
		};
/* End PBXAggregateTarget section */

/* Begin PBXBuildFile section */
		A1133CB91F21FCCF00D2A774 /* IMXUIsCpt.h in Headers */ = {isa = PBXBuildFile; fileRef = A1133CB61F21FC5700D2A774 /* IMXUIsCpt.h */; settings = {ATTRIBUTES = (Public, ); }; };
		A15FF653201069FF003D4C07 /* IMXUIKitExtUtil.h in Headers */ = {isa = PBXBuildFile; fileRef = A15FF64A201069FF003D4C07 /* IMXUIKitExtUtil.h */; settings = {ATTRIBUTES = (Public, ); }; };
		A15FF654201069FF003D4C07 /* UIImage+IMXExtFork.h in Headers */ = {isa = PBXBuildFile; fileRef = A15FF64B201069FF003D4C07 /* UIImage+IMXExtFork.h */; settings = {ATTRIBUTES = (Public, ); }; };
		A15FF655201069FF003D4C07 /* UIImage+IMXExtFork.m in Sources */ = {isa = PBXBuildFile; fileRef = A15FF64C201069FF003D4C07 /* UIImage+IMXExtFork.m */; };
		A15FF658201069FF003D4C07 /* UIView+IMXFrameFork.h in Headers */ = {isa = PBXBuildFile; fileRef = A15FF64F201069FF003D4C07 /* UIView+IMXFrameFork.h */; settings = {ATTRIBUTES = (Public, ); }; };
		A15FF659201069FF003D4C07 /* UIView+IMXFrameFork.m in Sources */ = {isa = PBXBuildFile; fileRef = A15FF650201069FF003D4C07 /* UIView+IMXFrameFork.m */; };
		A15FF65A201069FF003D4C07 /* UIViewController+IMXExtFork.h in Headers */ = {isa = PBXBuildFile; fileRef = A15FF651201069FF003D4C07 /* UIViewController+IMXExtFork.h */; settings = {ATTRIBUTES = (Public, ); }; };
		A15FF65B201069FF003D4C07 /* UIViewController+IMXExtFork.m in Sources */ = {isa = PBXBuildFile; fileRef = A15FF652201069FF003D4C07 /* UIViewController+IMXExtFork.m */; };
		A15FF65F2010701A003D4C07 /* IMXTipsShowUtil.h in Headers */ = {isa = PBXBuildFile; fileRef = A15FF65D2010701A003D4C07 /* IMXTipsShowUtil.h */; settings = {ATTRIBUTES = (Public, ); }; };
		A15FF6602010701A003D4C07 /* IMXTipsShowUtil.m in Sources */ = {isa = PBXBuildFile; fileRef = A15FF65E2010701A003D4C07 /* IMXTipsShowUtil.m */; };
		A15FF66B20107193003D4C07 /* IMXDeviceUtil.h in Headers */ = {isa = PBXBuildFile; fileRef = A15FF66920107193003D4C07 /* IMXDeviceUtil.h */; settings = {ATTRIBUTES = (Public, ); }; };
		A15FF66C20107193003D4C07 /* IMXDeviceUtil.m in Sources */ = {isa = PBXBuildFile; fileRef = A15FF66A20107193003D4C07 /* IMXDeviceUtil.m */; };
		A15FF67720107204003D4C07 /* IMXTabBar.h in Headers */ = {isa = PBXBuildFile; fileRef = A15FF66E20107204003D4C07 /* IMXTabBar.h */; settings = {ATTRIBUTES = (Public, ); }; };
		A15FF67820107204003D4C07 /* IMXTabBar.m in Sources */ = {isa = PBXBuildFile; fileRef = A15FF66F20107204003D4C07 /* IMXTabBar.m */; };
		A15FF67920107204003D4C07 /* IMXTabBarItem.h in Headers */ = {isa = PBXBuildFile; fileRef = A15FF67020107204003D4C07 /* IMXTabBarItem.h */; settings = {ATTRIBUTES = (Public, ); }; };
		A15FF67A20107204003D4C07 /* IMXTabBarItem.m in Sources */ = {isa = PBXBuildFile; fileRef = A15FF67120107204003D4C07 /* IMXTabBarItem.m */; };
		A15FF67B20107204003D4C07 /* IMXTabbarItemModel.h in Headers */ = {isa = PBXBuildFile; fileRef = A15FF67220107204003D4C07 /* IMXTabbarItemModel.h */; settings = {ATTRIBUTES = (Public, ); }; };
		A15FF67C20107204003D4C07 /* IMXTabbarItemModel.m in Sources */ = {isa = PBXBuildFile; fileRef = A15FF67320107204003D4C07 /* IMXTabbarItemModel.m */; };
		A15FF67D20107204003D4C07 /* IMXTabBarKit.h in Headers */ = {isa = PBXBuildFile; fileRef = A15FF67420107204003D4C07 /* IMXTabBarKit.h */; settings = {ATTRIBUTES = (Public, ); }; };
		A15FF67E20107204003D4C07 /* IMXTabBarViewController.h in Headers */ = {isa = PBXBuildFile; fileRef = A15FF67520107204003D4C07 /* IMXTabBarViewController.h */; settings = {ATTRIBUTES = (Public, ); }; };
		A15FF67F20107204003D4C07 /* IMXTabBarViewController.m in Sources */ = {isa = PBXBuildFile; fileRef = A15FF67620107204003D4C07 /* IMXTabBarViewController.m */; };
		A15FF68B20107438003D4C07 /* UIColor+IMXColorKit.h in Headers */ = {isa = PBXBuildFile; fileRef = A15FF68220107438003D4C07 /* UIColor+IMXColorKit.h */; settings = {ATTRIBUTES = (Public, ); }; };
		A15FF68C20107438003D4C07 /* UIColor+IMXColorKit.m in Sources */ = {isa = PBXBuildFile; fileRef = A15FF68320107438003D4C07 /* UIColor+IMXColorKit.m */; };
		A15FF68D20107438003D4C07 /* UIFont+IMXFontKit.h in Headers */ = {isa = PBXBuildFile; fileRef = A15FF68520107438003D4C07 /* UIFont+IMXFontKit.h */; settings = {ATTRIBUTES = (Public, ); }; };
		A15FF68E20107438003D4C07 /* UIFont+IMXFontKit.m in Sources */ = {isa = PBXBuildFile; fileRef = A15FF68620107438003D4C07 /* UIFont+IMXFontKit.m */; };
		A15FF68F20107438003D4C07 /* IMXIconfont.h in Headers */ = {isa = PBXBuildFile; fileRef = A15FF68820107438003D4C07 /* IMXIconfont.h */; settings = {ATTRIBUTES = (Public, ); }; };
		A15FF69020107438003D4C07 /* IMXIconfont.m in Sources */ = {isa = PBXBuildFile; fileRef = A15FF68920107438003D4C07 /* IMXIconfont.m */; };
		A15FF69120107438003D4C07 /* IMXStyleKit.h in Headers */ = {isa = PBXBuildFile; fileRef = A15FF68A20107438003D4C07 /* IMXStyleKit.h */; settings = {ATTRIBUTES = (Public, ); }; };
		A15FF69E20108FFA003D4C07 /* IMXButton.h in Headers */ = {isa = PBXBuildFile; fileRef = A15FF69320108FFA003D4C07 /* IMXButton.h */; settings = {ATTRIBUTES = (Public, ); }; };
		A15FF69F20108FFA003D4C07 /* IMXButton.m in Sources */ = {isa = PBXBuildFile; fileRef = A15FF69420108FFA003D4C07 /* IMXButton.m */; };
		A15FF6A020108FFA003D4C07 /* IMXFlatButton.h in Headers */ = {isa = PBXBuildFile; fileRef = A15FF69520108FFA003D4C07 /* IMXFlatButton.h */; settings = {ATTRIBUTES = (Public, ); }; };
		A15FF6A120108FFA003D4C07 /* IMXFlatButton.m in Sources */ = {isa = PBXBuildFile; fileRef = A15FF69620108FFA003D4C07 /* IMXFlatButton.m */; };
		A15FF6A220108FFA003D4C07 /* IMXLineView.h in Headers */ = {isa = PBXBuildFile; fileRef = A15FF69720108FFA003D4C07 /* IMXLineView.h */; settings = {ATTRIBUTES = (Public, ); }; };
		A15FF6A320108FFA003D4C07 /* IMXLineView.m in Sources */ = {isa = PBXBuildFile; fileRef = A15FF69820108FFA003D4C07 /* IMXLineView.m */; };
		A15FF6A420108FFA003D4C07 /* IMXNoPasteTextField.h in Headers */ = {isa = PBXBuildFile; fileRef = A15FF69920108FFA003D4C07 /* IMXNoPasteTextField.h */; settings = {ATTRIBUTES = (Public, ); }; };
		A15FF6A520108FFA003D4C07 /* IMXNoPasteTextField.m in Sources */ = {isa = PBXBuildFile; fileRef = A15FF69A20108FFA003D4C07 /* IMXNoPasteTextField.m */; };
		A15FF6A620108FFA003D4C07 /* IMXTextView.h in Headers */ = {isa = PBXBuildFile; fileRef = A15FF69B20108FFA003D4C07 /* IMXTextView.h */; settings = {ATTRIBUTES = (Public, ); }; };
		A15FF6A720108FFA003D4C07 /* IMXTextView.m in Sources */ = {isa = PBXBuildFile; fileRef = A15FF69C20108FFA003D4C07 /* IMXTextView.m */; };
		A15FF6A820108FFA003D4C07 /* IMXUIsKit.h in Headers */ = {isa = PBXBuildFile; fileRef = A15FF69D20108FFA003D4C07 /* IMXUIsKit.h */; settings = {ATTRIBUTES = (Public, ); }; };
		A15FF6CA201090EF003D4C07 /* IMXCollectionView.h in Headers */ = {isa = PBXBuildFile; fileRef = A15FF6AA201090EF003D4C07 /* IMXCollectionView.h */; settings = {ATTRIBUTES = (Public, ); }; };
		A15FF6CB201090EF003D4C07 /* IMXCollectionView.m in Sources */ = {isa = PBXBuildFile; fileRef = A15FF6AB201090EF003D4C07 /* IMXCollectionView.m */; };
		A15FF6CC201090EF003D4C07 /* IMXListViewDefine.h in Headers */ = {isa = PBXBuildFile; fileRef = A15FF6AC201090EF003D4C07 /* IMXListViewDefine.h */; settings = {ATTRIBUTES = (Public, ); }; };
		A15FF6CD201090EF003D4C07 /* IMXListViewKit.h in Headers */ = {isa = PBXBuildFile; fileRef = A15FF6AD201090EF003D4C07 /* IMXListViewKit.h */; settings = {ATTRIBUTES = (Public, ); }; };
		A15FF6CE201090EF003D4C07 /* IMXBaseCollectionViewCell.h in Headers */ = {isa = PBXBuildFile; fileRef = A15FF6AF201090EF003D4C07 /* IMXBaseCollectionViewCell.h */; settings = {ATTRIBUTES = (Public, ); }; };
		A15FF6CF201090EF003D4C07 /* IMXBaseCollectionViewCell.m in Sources */ = {isa = PBXBuildFile; fileRef = A15FF6B0201090EF003D4C07 /* IMXBaseCollectionViewCell.m */; };
		A15FF6D0201090EF003D4C07 /* IMXBaseTableViewCell.h in Headers */ = {isa = PBXBuildFile; fileRef = A15FF6B1201090EF003D4C07 /* IMXBaseTableViewCell.h */; settings = {ATTRIBUTES = (Public, ); }; };
		A15FF6D1201090EF003D4C07 /* IMXBaseTableViewCell.m in Sources */ = {isa = PBXBuildFile; fileRef = A15FF6B2201090EF003D4C07 /* IMXBaseTableViewCell.m */; };
		A15FF6D2201090EF003D4C07 /* IMXCollectionReuseView.h in Headers */ = {isa = PBXBuildFile; fileRef = A15FF6B4201090EF003D4C07 /* IMXCollectionReuseView.h */; settings = {ATTRIBUTES = (Public, ); }; };
		A15FF6D3201090EF003D4C07 /* IMXCollectionReuseView.m in Sources */ = {isa = PBXBuildFile; fileRef = A15FF6B5201090EF003D4C07 /* IMXCollectionReuseView.m */; };
		A15FF6DC201090EF003D4C07 /* IMXUITableReuseView.h in Headers */ = {isa = PBXBuildFile; fileRef = A15FF6C1201090EF003D4C07 /* IMXUITableReuseView.h */; settings = {ATTRIBUTES = (Public, ); }; };
		A15FF6DD201090EF003D4C07 /* IMXUITableReuseView.m in Sources */ = {isa = PBXBuildFile; fileRef = A15FF6C2201090EF003D4C07 /* IMXUITableReuseView.m */; };
		A15FF6DE201090EF003D4C07 /* IMXTableView.h in Headers */ = {isa = PBXBuildFile; fileRef = A15FF6C3201090EF003D4C07 /* IMXTableView.h */; settings = {ATTRIBUTES = (Public, ); }; };
		A15FF6DF201090EF003D4C07 /* IMXTableView.m in Sources */ = {isa = PBXBuildFile; fileRef = A15FF6C4201090EF003D4C07 /* IMXTableView.m */; };
		A15FF6E2201090EF003D4C07 /* IMXCollectionViewTagsFlowLayout.h in Headers */ = {isa = PBXBuildFile; fileRef = A15FF6C8201090EF003D4C07 /* IMXCollectionViewTagsFlowLayout.h */; settings = {ATTRIBUTES = (Public, ); }; };
		A15FF6E3201090EF003D4C07 /* IMXCollectionViewTagsFlowLayout.m in Sources */ = {isa = PBXBuildFile; fileRef = A15FF6C9201090EF003D4C07 /* IMXCollectionViewTagsFlowLayout.m */; };
/* End PBXBuildFile section */

/* Begin PBXCopyFilesBuildPhase section */
		A1133C161F1F584700D2A774 /* CopyFiles */ = {
			isa = PBXCopyFilesBuildPhase;
			buildActionMask = 8;
			dstPath = "";
			dstSubfolderSpec = 7;
			files = (
			);
			runOnlyForDeploymentPostprocessing = 1;
		};
/* End PBXCopyFilesBuildPhase section */

/* Begin PBXFileReference section */
		A1133CA41F21E94B00D2A774 /* IMXUIsCpt-Prefix.pch */ = {isa = PBXFileReference; lastKnownFileType = sourcecode.c.h; path = "IMXUIsCpt-Prefix.pch"; sourceTree = "<group>"; };
		A1133CB61F21FC5700D2A774 /* IMXUIsCpt.h */ = {isa = PBXFileReference; lastKnownFileType = sourcecode.c.h; path = IMXUIsCpt.h; sourceTree = "<group>"; };
		A13ABFB61F1F41C900A09D8B /* IMXUIsCpt.framework */ = {isa = PBXFileReference; explicitFileType = wrapper.framework; includeInIndex = 0; path = IMXUIsCpt.framework; sourceTree = BUILT_PRODUCTS_DIR; };
		A13ABFBA1F1F41CA00A09D8B /* Info.plist */ = {isa = PBXFileReference; lastKnownFileType = text.plist.xml; path = Info.plist; sourceTree = "<group>"; };
		A15FF64A201069FF003D4C07 /* IMXUIKitExtUtil.h */ = {isa = PBXFileReference; fileEncoding = 4; lastKnownFileType = sourcecode.c.h; path = IMXUIKitExtUtil.h; sourceTree = "<group>"; };
		A15FF64B201069FF003D4C07 /* UIImage+IMXExtFork.h */ = {isa = PBXFileReference; fileEncoding = 4; lastKnownFileType = sourcecode.c.h; path = "UIImage+IMXExtFork.h"; sourceTree = "<group>"; };
		A15FF64C201069FF003D4C07 /* UIImage+IMXExtFork.m */ = {isa = PBXFileReference; fileEncoding = 4; lastKnownFileType = sourcecode.c.objc; path = "UIImage+IMXExtFork.m"; sourceTree = "<group>"; };
		A15FF64F201069FF003D4C07 /* UIView+IMXFrameFork.h */ = {isa = PBXFileReference; fileEncoding = 4; lastKnownFileType = sourcecode.c.h; path = "UIView+IMXFrameFork.h"; sourceTree = "<group>"; };
		A15FF650201069FF003D4C07 /* UIView+IMXFrameFork.m */ = {isa = PBXFileReference; fileEncoding = 4; lastKnownFileType = sourcecode.c.objc; path = "UIView+IMXFrameFork.m"; sourceTree = "<group>"; };
		A15FF651201069FF003D4C07 /* UIViewController+IMXExtFork.h */ = {isa = PBXFileReference; fileEncoding = 4; lastKnownFileType = sourcecode.c.h; path = "UIViewController+IMXExtFork.h"; sourceTree = "<group>"; };
		A15FF652201069FF003D4C07 /* UIViewController+IMXExtFork.m */ = {isa = PBXFileReference; fileEncoding = 4; lastKnownFileType = sourcecode.c.objc; path = "UIViewController+IMXExtFork.m"; sourceTree = "<group>"; };
		A15FF65D2010701A003D4C07 /* IMXTipsShowUtil.h */ = {isa = PBXFileReference; fileEncoding = 4; lastKnownFileType = sourcecode.c.h; path = IMXTipsShowUtil.h; sourceTree = "<group>"; };
		A15FF65E2010701A003D4C07 /* IMXTipsShowUtil.m */ = {isa = PBXFileReference; fileEncoding = 4; lastKnownFileType = sourcecode.c.objc; path = IMXTipsShowUtil.m; sourceTree = "<group>"; };
		A15FF66920107193003D4C07 /* IMXDeviceUtil.h */ = {isa = PBXFileReference; fileEncoding = 4; lastKnownFileType = sourcecode.c.h; path = IMXDeviceUtil.h; sourceTree = "<group>"; };
		A15FF66A20107193003D4C07 /* IMXDeviceUtil.m */ = {isa = PBXFileReference; fileEncoding = 4; lastKnownFileType = sourcecode.c.objc; path = IMXDeviceUtil.m; sourceTree = "<group>"; };
		A15FF66E20107204003D4C07 /* IMXTabBar.h */ = {isa = PBXFileReference; fileEncoding = 4; lastKnownFileType = sourcecode.c.h; path = IMXTabBar.h; sourceTree = "<group>"; };
		A15FF66F20107204003D4C07 /* IMXTabBar.m */ = {isa = PBXFileReference; fileEncoding = 4; lastKnownFileType = sourcecode.c.objc; path = IMXTabBar.m; sourceTree = "<group>"; };
		A15FF67020107204003D4C07 /* IMXTabBarItem.h */ = {isa = PBXFileReference; fileEncoding = 4; lastKnownFileType = sourcecode.c.h; path = IMXTabBarItem.h; sourceTree = "<group>"; };
		A15FF67120107204003D4C07 /* IMXTabBarItem.m */ = {isa = PBXFileReference; fileEncoding = 4; lastKnownFileType = sourcecode.c.objc; path = IMXTabBarItem.m; sourceTree = "<group>"; };
		A15FF67220107204003D4C07 /* IMXTabbarItemModel.h */ = {isa = PBXFileReference; fileEncoding = 4; lastKnownFileType = sourcecode.c.h; path = IMXTabbarItemModel.h; sourceTree = "<group>"; };
		A15FF67320107204003D4C07 /* IMXTabbarItemModel.m */ = {isa = PBXFileReference; fileEncoding = 4; lastKnownFileType = sourcecode.c.objc; path = IMXTabbarItemModel.m; sourceTree = "<group>"; };
		A15FF67420107204003D4C07 /* IMXTabBarKit.h */ = {isa = PBXFileReference; fileEncoding = 4; lastKnownFileType = sourcecode.c.h; path = IMXTabBarKit.h; sourceTree = "<group>"; };
		A15FF67520107204003D4C07 /* IMXTabBarViewController.h */ = {isa = PBXFileReference; fileEncoding = 4; lastKnownFileType = sourcecode.c.h; path = IMXTabBarViewController.h; sourceTree = "<group>"; };
		A15FF67620107204003D4C07 /* IMXTabBarViewController.m */ = {isa = PBXFileReference; fileEncoding = 4; lastKnownFileType = sourcecode.c.objc; path = IMXTabBarViewController.m; sourceTree = "<group>"; };
		A15FF68220107438003D4C07 /* UIColor+IMXColorKit.h */ = {isa = PBXFileReference; fileEncoding = 4; lastKnownFileType = sourcecode.c.h; path = "UIColor+IMXColorKit.h"; sourceTree = "<group>"; };
		A15FF68320107438003D4C07 /* UIColor+IMXColorKit.m */ = {isa = PBXFileReference; fileEncoding = 4; lastKnownFileType = sourcecode.c.objc; path = "UIColor+IMXColorKit.m"; sourceTree = "<group>"; };
		A15FF68520107438003D4C07 /* UIFont+IMXFontKit.h */ = {isa = PBXFileReference; fileEncoding = 4; lastKnownFileType = sourcecode.c.h; path = "UIFont+IMXFontKit.h"; sourceTree = "<group>"; };
		A15FF68620107438003D4C07 /* UIFont+IMXFontKit.m */ = {isa = PBXFileReference; fileEncoding = 4; lastKnownFileType = sourcecode.c.objc; path = "UIFont+IMXFontKit.m"; sourceTree = "<group>"; };
		A15FF68820107438003D4C07 /* IMXIconfont.h */ = {isa = PBXFileReference; fileEncoding = 4; lastKnownFileType = sourcecode.c.h; path = IMXIconfont.h; sourceTree = "<group>"; };
		A15FF68920107438003D4C07 /* IMXIconfont.m */ = {isa = PBXFileReference; fileEncoding = 4; lastKnownFileType = sourcecode.c.objc; path = IMXIconfont.m; sourceTree = "<group>"; };
		A15FF68A20107438003D4C07 /* IMXStyleKit.h */ = {isa = PBXFileReference; fileEncoding = 4; lastKnownFileType = sourcecode.c.h; path = IMXStyleKit.h; sourceTree = "<group>"; };
		A15FF69320108FFA003D4C07 /* IMXButton.h */ = {isa = PBXFileReference; fileEncoding = 4; lastKnownFileType = sourcecode.c.h; path = IMXButton.h; sourceTree = "<group>"; };
		A15FF69420108FFA003D4C07 /* IMXButton.m */ = {isa = PBXFileReference; fileEncoding = 4; lastKnownFileType = sourcecode.c.objc; path = IMXButton.m; sourceTree = "<group>"; };
		A15FF69520108FFA003D4C07 /* IMXFlatButton.h */ = {isa = PBXFileReference; fileEncoding = 4; lastKnownFileType = sourcecode.c.h; path = IMXFlatButton.h; sourceTree = "<group>"; };
		A15FF69620108FFA003D4C07 /* IMXFlatButton.m */ = {isa = PBXFileReference; fileEncoding = 4; lastKnownFileType = sourcecode.c.objc; path = IMXFlatButton.m; sourceTree = "<group>"; };
		A15FF69720108FFA003D4C07 /* IMXLineView.h */ = {isa = PBXFileReference; fileEncoding = 4; lastKnownFileType = sourcecode.c.h; path = IMXLineView.h; sourceTree = "<group>"; };
		A15FF69820108FFA003D4C07 /* IMXLineView.m */ = {isa = PBXFileReference; fileEncoding = 4; lastKnownFileType = sourcecode.c.objc; path = IMXLineView.m; sourceTree = "<group>"; };
		A15FF69920108FFA003D4C07 /* IMXNoPasteTextField.h */ = {isa = PBXFileReference; fileEncoding = 4; lastKnownFileType = sourcecode.c.h; path = IMXNoPasteTextField.h; sourceTree = "<group>"; };
		A15FF69A20108FFA003D4C07 /* IMXNoPasteTextField.m */ = {isa = PBXFileReference; fileEncoding = 4; lastKnownFileType = sourcecode.c.objc; path = IMXNoPasteTextField.m; sourceTree = "<group>"; };
		A15FF69B20108FFA003D4C07 /* IMXTextView.h */ = {isa = PBXFileReference; fileEncoding = 4; lastKnownFileType = sourcecode.c.h; path = IMXTextView.h; sourceTree = "<group>"; };
		A15FF69C20108FFA003D4C07 /* IMXTextView.m */ = {isa = PBXFileReference; fileEncoding = 4; lastKnownFileType = sourcecode.c.objc; path = IMXTextView.m; sourceTree = "<group>"; };
		A15FF69D20108FFA003D4C07 /* IMXUIsKit.h */ = {isa = PBXFileReference; fileEncoding = 4; lastKnownFileType = sourcecode.c.h; path = IMXUIsKit.h; sourceTree = "<group>"; };
		A15FF6AA201090EF003D4C07 /* IMXCollectionView.h */ = {isa = PBXFileReference; fileEncoding = 4; lastKnownFileType = sourcecode.c.h; path = IMXCollectionView.h; sourceTree = "<group>"; };
		A15FF6AB201090EF003D4C07 /* IMXCollectionView.m */ = {isa = PBXFileReference; fileEncoding = 4; lastKnownFileType = sourcecode.c.objc; path = IMXCollectionView.m; sourceTree = "<group>"; };
		A15FF6AC201090EF003D4C07 /* IMXListViewDefine.h */ = {isa = PBXFileReference; fileEncoding = 4; lastKnownFileType = sourcecode.c.h; path = IMXListViewDefine.h; sourceTree = "<group>"; };
		A15FF6AD201090EF003D4C07 /* IMXListViewKit.h */ = {isa = PBXFileReference; fileEncoding = 4; lastKnownFileType = sourcecode.c.h; path = IMXListViewKit.h; sourceTree = "<group>"; };
		A15FF6AF201090EF003D4C07 /* IMXBaseCollectionViewCell.h */ = {isa = PBXFileReference; fileEncoding = 4; lastKnownFileType = sourcecode.c.h; path = IMXBaseCollectionViewCell.h; sourceTree = "<group>"; };
		A15FF6B0201090EF003D4C07 /* IMXBaseCollectionViewCell.m */ = {isa = PBXFileReference; fileEncoding = 4; lastKnownFileType = sourcecode.c.objc; path = IMXBaseCollectionViewCell.m; sourceTree = "<group>"; };
		A15FF6B1201090EF003D4C07 /* IMXBaseTableViewCell.h */ = {isa = PBXFileReference; fileEncoding = 4; lastKnownFileType = sourcecode.c.h; path = IMXBaseTableViewCell.h; sourceTree = "<group>"; };
		A15FF6B2201090EF003D4C07 /* IMXBaseTableViewCell.m */ = {isa = PBXFileReference; fileEncoding = 4; lastKnownFileType = sourcecode.c.objc; path = IMXBaseTableViewCell.m; sourceTree = "<group>"; };
		A15FF6B4201090EF003D4C07 /* IMXCollectionReuseView.h */ = {isa = PBXFileReference; fileEncoding = 4; lastKnownFileType = sourcecode.c.h; path = IMXCollectionReuseView.h; sourceTree = "<group>"; };
		A15FF6B5201090EF003D4C07 /* IMXCollectionReuseView.m */ = {isa = PBXFileReference; fileEncoding = 4; lastKnownFileType = sourcecode.c.objc; path = IMXCollectionReuseView.m; sourceTree = "<group>"; };
		A15FF6C1201090EF003D4C07 /* IMXUITableReuseView.h */ = {isa = PBXFileReference; fileEncoding = 4; lastKnownFileType = sourcecode.c.h; path = IMXUITableReuseView.h; sourceTree = "<group>"; };
		A15FF6C2201090EF003D4C07 /* IMXUITableReuseView.m */ = {isa = PBXFileReference; fileEncoding = 4; lastKnownFileType = sourcecode.c.objc; path = IMXUITableReuseView.m; sourceTree = "<group>"; };
		A15FF6C3201090EF003D4C07 /* IMXTableView.h */ = {isa = PBXFileReference; fileEncoding = 4; lastKnownFileType = sourcecode.c.h; path = IMXTableView.h; sourceTree = "<group>"; };
		A15FF6C4201090EF003D4C07 /* IMXTableView.m */ = {isa = PBXFileReference; fileEncoding = 4; lastKnownFileType = sourcecode.c.objc; path = IMXTableView.m; sourceTree = "<group>"; };
		A15FF6C8201090EF003D4C07 /* IMXCollectionViewTagsFlowLayout.h */ = {isa = PBXFileReference; fileEncoding = 4; lastKnownFileType = sourcecode.c.h; path = IMXCollectionViewTagsFlowLayout.h; sourceTree = "<group>"; };
		A15FF6C9201090EF003D4C07 /* IMXCollectionViewTagsFlowLayout.m */ = {isa = PBXFileReference; fileEncoding = 4; lastKnownFileType = sourcecode.c.objc; path = IMXCollectionViewTagsFlowLayout.m; sourceTree = "<group>"; };
/* End PBXFileReference section */

/* Begin PBXFrameworksBuildPhase section */
		A13ABFB21F1F41C900A09D8B /* Frameworks */ = {
			isa = PBXFrameworksBuildPhase;
			buildActionMask = 2147483647;
			files = (
			);
			runOnlyForDeploymentPostprocessing = 0;
		};
/* End PBXFrameworksBuildPhase section */

/* Begin PBXGroup section */
		A1133CA21F21E8D400D2A774 /* Libs */ = {
			isa = PBXGroup;
			children = (
				A143C1FC1F26E4D900E1FE5D /* 2nd */,
				A143C1FD1F26E4D900E1FE5D /* 3rd */,
			);
			path = Libs;
			sourceTree = "<group>";
		};
		A1133CA71F21F3A700D2A774 /* Utils */ = {
			isa = PBXGroup;
			children = (
				A15FF68020107437003D4C07 /* IMXStyleKit */,
			);
			path = Utils;
			sourceTree = "<group>";
		};
		A1133CA81F21F3CF00D2A774 /* Cpts */ = {
			isa = PBXGroup;
			children = (
				A15FF6A9201090EF003D4C07 /* IMXListView */,
				A15FF66D20107204003D4C07 /* IMXTabBarKit */,
			);
			path = Cpts;
			sourceTree = "<group>";
		};
		A13ABFAC1F1F41C900A09D8B = {
			isa = PBXGroup;
			children = (
				A13ABFB81F1F41C900A09D8B /* IMXUIsCpt */,
				A13ABFB71F1F41C900A09D8B /* Products */,
			);
			sourceTree = "<group>";
		};
		A13ABFB71F1F41C900A09D8B /* Products */ = {
			isa = PBXGroup;
			children = (
				A13ABFB61F1F41C900A09D8B /* IMXUIsCpt.framework */,
			);
			name = Products;
			sourceTree = "<group>";
		};
		A13ABFB81F1F41C900A09D8B /* IMXUIsCpt */ = {
			isa = PBXGroup;
			children = (
				A1133CA81F21F3CF00D2A774 /* Cpts */,
				A1133CA71F21F3A700D2A774 /* Utils */,
				A1133CA21F21E8D400D2A774 /* Libs */,
				A13ABFBA1F1F41CA00A09D8B /* Info.plist */,
				A1133CA41F21E94B00D2A774 /* IMXUIsCpt-Prefix.pch */,
				A1133CB61F21FC5700D2A774 /* IMXUIsCpt.h */,
			);
			path = IMXUIsCpt;
			sourceTree = "<group>";
		};
		A143C1FC1F26E4D900E1FE5D /* 2nd */ = {
			isa = PBXGroup;
			children = (
				A15FF69220108FFA003D4C07 /* IMXUIs */,
				A15FF66820107193003D4C07 /* IMXDeviceInfo */,
				A15FF65C2010701A003D4C07 /* IMXTips */,
				A15FF649201069FF003D4C07 /* IMXUIKitExt */,
			);
			path = 2nd;
			sourceTree = "<group>";
		};
		A143C1FD1F26E4D900E1FE5D /* 3rd */ = {
			isa = PBXGroup;
			children = (
			);
			path = 3rd;
			sourceTree = "<group>";
		};
		A15FF649201069FF003D4C07 /* IMXUIKitExt */ = {
			isa = PBXGroup;
			children = (
				A15FF64A201069FF003D4C07 /* IMXUIKitExtUtil.h */,
				A15FF64B201069FF003D4C07 /* UIImage+IMXExtFork.h */,
				A15FF64C201069FF003D4C07 /* UIImage+IMXExtFork.m */,
				A15FF64F201069FF003D4C07 /* UIView+IMXFrameFork.h */,
				A15FF650201069FF003D4C07 /* UIView+IMXFrameFork.m */,
				A15FF651201069FF003D4C07 /* UIViewController+IMXExtFork.h */,
				A15FF652201069FF003D4C07 /* UIViewController+IMXExtFork.m */,
			);
			path = IMXUIKitExt;
			sourceTree = "<group>";
		};
		A15FF65C2010701A003D4C07 /* IMXTips */ = {
			isa = PBXGroup;
			children = (
				A15FF65D2010701A003D4C07 /* IMXTipsShowUtil.h */,
				A15FF65E2010701A003D4C07 /* IMXTipsShowUtil.m */,
			);
			path = IMXTips;
			sourceTree = "<group>";
		};
		A15FF66820107193003D4C07 /* IMXDeviceInfo */ = {
			isa = PBXGroup;
			children = (
				A15FF66920107193003D4C07 /* IMXDeviceUtil.h */,
				A15FF66A20107193003D4C07 /* IMXDeviceUtil.m */,
			);
			path = IMXDeviceInfo;
			sourceTree = "<group>";
		};
		A15FF66D20107204003D4C07 /* IMXTabBarKit */ = {
			isa = PBXGroup;
			children = (
				A15FF66E20107204003D4C07 /* IMXTabBar.h */,
				A15FF66F20107204003D4C07 /* IMXTabBar.m */,
				A15FF67020107204003D4C07 /* IMXTabBarItem.h */,
				A15FF67120107204003D4C07 /* IMXTabBarItem.m */,
				A15FF67220107204003D4C07 /* IMXTabbarItemModel.h */,
				A15FF67320107204003D4C07 /* IMXTabbarItemModel.m */,
				A15FF67420107204003D4C07 /* IMXTabBarKit.h */,
				A15FF67520107204003D4C07 /* IMXTabBarViewController.h */,
				A15FF67620107204003D4C07 /* IMXTabBarViewController.m */,
			);
			path = IMXTabBarKit;
			sourceTree = "<group>";
		};
		A15FF68020107437003D4C07 /* IMXStyleKit */ = {
			isa = PBXGroup;
			children = (
				A15FF68120107437003D4C07 /* IMXColor */,
				A15FF68420107438003D4C07 /* IMXFont */,
				A15FF68720107438003D4C07 /* IMXIconfont */,
				A15FF68A20107438003D4C07 /* IMXStyleKit.h */,
			);
			path = IMXStyleKit;
			sourceTree = "<group>";
		};
		A15FF68120107437003D4C07 /* IMXColor */ = {
			isa = PBXGroup;
			children = (
				A15FF68220107438003D4C07 /* UIColor+IMXColorKit.h */,
				A15FF68320107438003D4C07 /* UIColor+IMXColorKit.m */,
			);
			path = IMXColor;
			sourceTree = "<group>";
		};
		A15FF68420107438003D4C07 /* IMXFont */ = {
			isa = PBXGroup;
			children = (
				A15FF68520107438003D4C07 /* UIFont+IMXFontKit.h */,
				A15FF68620107438003D4C07 /* UIFont+IMXFontKit.m */,
			);
			path = IMXFont;
			sourceTree = "<group>";
		};
		A15FF68720107438003D4C07 /* IMXIconfont */ = {
			isa = PBXGroup;
			children = (
				A15FF68820107438003D4C07 /* IMXIconfont.h */,
				A15FF68920107438003D4C07 /* IMXIconfont.m */,
			);
			path = IMXIconfont;
			sourceTree = "<group>";
		};
		A15FF69220108FFA003D4C07 /* IMXUIs */ = {
			isa = PBXGroup;
			children = (
				A15FF69320108FFA003D4C07 /* IMXButton.h */,
				A15FF69420108FFA003D4C07 /* IMXButton.m */,
				A15FF69520108FFA003D4C07 /* IMXFlatButton.h */,
				A15FF69620108FFA003D4C07 /* IMXFlatButton.m */,
				A15FF69720108FFA003D4C07 /* IMXLineView.h */,
				A15FF69820108FFA003D4C07 /* IMXLineView.m */,
				A15FF69920108FFA003D4C07 /* IMXNoPasteTextField.h */,
				A15FF69A20108FFA003D4C07 /* IMXNoPasteTextField.m */,
				A15FF69B20108FFA003D4C07 /* IMXTextView.h */,
				A15FF69C20108FFA003D4C07 /* IMXTextView.m */,
				A15FF69D20108FFA003D4C07 /* IMXUIsKit.h */,
			);
			path = IMXUIs;
			sourceTree = "<group>";
		};
		A15FF6A9201090EF003D4C07 /* IMXListView */ = {
			isa = PBXGroup;
			children = (
				A15FF6AA201090EF003D4C07 /* IMXCollectionView.h */,
				A15FF6AB201090EF003D4C07 /* IMXCollectionView.m */,
				A15FF6C3201090EF003D4C07 /* IMXTableView.h */,
				A15FF6C4201090EF003D4C07 /* IMXTableView.m */,
				A15FF6AC201090EF003D4C07 /* IMXListViewDefine.h */,
				A15FF6AD201090EF003D4C07 /* IMXListViewKit.h */,
				A15FF6AE201090EF003D4C07 /* IMXReuseUIs */,
				A15FF6C5201090EF003D4C07 /* Layout */,
			);
			path = IMXListView;
			sourceTree = "<group>";
		};
		A15FF6AE201090EF003D4C07 /* IMXReuseUIs */ = {
			isa = PBXGroup;
			children = (
				A15FF6AF201090EF003D4C07 /* IMXBaseCollectionViewCell.h */,
				A15FF6B0201090EF003D4C07 /* IMXBaseCollectionViewCell.m */,
				A15FF6B4201090EF003D4C07 /* IMXCollectionReuseView.h */,
				A15FF6B5201090EF003D4C07 /* IMXCollectionReuseView.m */,
				A15FF6B1201090EF003D4C07 /* IMXBaseTableViewCell.h */,
				A15FF6B2201090EF003D4C07 /* IMXBaseTableViewCell.m */,
				A15FF6C1201090EF003D4C07 /* IMXUITableReuseView.h */,
				A15FF6C2201090EF003D4C07 /* IMXUITableReuseView.m */,
			);
			path = IMXReuseUIs;
			sourceTree = "<group>";
		};
		A15FF6C5201090EF003D4C07 /* Layout */ = {
			isa = PBXGroup;
			children = (
				A15FF6C8201090EF003D4C07 /* IMXCollectionViewTagsFlowLayout.h */,
				A15FF6C9201090EF003D4C07 /* IMXCollectionViewTagsFlowLayout.m */,
			);
			path = Layout;
			sourceTree = "<group>";
		};
/* End PBXGroup section */

/* Begin PBXHeadersBuildPhase section */
		A13ABFB31F1F41C900A09D8B /* Headers */ = {
			isa = PBXHeadersBuildPhase;
			buildActionMask = 2147483647;
			files = (
				A15FF658201069FF003D4C07 /* UIView+IMXFrameFork.h in Headers */,
				A15FF66B20107193003D4C07 /* IMXDeviceUtil.h in Headers */,
				A15FF653201069FF003D4C07 /* IMXUIKitExtUtil.h in Headers */,
				A15FF65A201069FF003D4C07 /* UIViewController+IMXExtFork.h in Headers */,
				A15FF67920107204003D4C07 /* IMXTabBarItem.h in Headers */,
				A15FF67B20107204003D4C07 /* IMXTabbarItemModel.h in Headers */,
				A15FF6A020108FFA003D4C07 /* IMXFlatButton.h in Headers */,
				A15FF6CA201090EF003D4C07 /* IMXCollectionView.h in Headers */,
				A15FF68D20107438003D4C07 /* UIFont+IMXFontKit.h in Headers */,
				A15FF6D2201090EF003D4C07 /* IMXCollectionReuseView.h in Headers */,
				A15FF6DC201090EF003D4C07 /* IMXUITableReuseView.h in Headers */,
				A15FF6A420108FFA003D4C07 /* IMXNoPasteTextField.h in Headers */,
				A15FF65F2010701A003D4C07 /* IMXTipsShowUtil.h in Headers */,
				A15FF68F20107438003D4C07 /* IMXIconfont.h in Headers */,
				A15FF6E2201090EF003D4C07 /* IMXCollectionViewTagsFlowLayout.h in Headers */,
				A15FF6CC201090EF003D4C07 /* IMXListViewDefine.h in Headers */,
				A15FF6CD201090EF003D4C07 /* IMXListViewKit.h in Headers */,
				A15FF6A620108FFA003D4C07 /* IMXTextView.h in Headers */,
				A15FF6D0201090EF003D4C07 /* IMXBaseTableViewCell.h in Headers */,
				A15FF69E20108FFA003D4C07 /* IMXButton.h in Headers */,
				A15FF69120107438003D4C07 /* IMXStyleKit.h in Headers */,
				A15FF6DE201090EF003D4C07 /* IMXTableView.h in Headers */,
				A15FF6A220108FFA003D4C07 /* IMXLineView.h in Headers */,
				A15FF6A820108FFA003D4C07 /* IMXUIsKit.h in Headers */,
				A15FF6CE201090EF003D4C07 /* IMXBaseCollectionViewCell.h in Headers */,
				A15FF67D20107204003D4C07 /* IMXTabBarKit.h in Headers */,
				A15FF68B20107438003D4C07 /* UIColor+IMXColorKit.h in Headers */,
				A15FF67E20107204003D4C07 /* IMXTabBarViewController.h in Headers */,
				A15FF654201069FF003D4C07 /* UIImage+IMXExtFork.h in Headers */,
				A15FF67720107204003D4C07 /* IMXTabBar.h in Headers */,
				A1133CB91F21FCCF00D2A774 /* IMXUIsCpt.h in Headers */,
			);
			runOnlyForDeploymentPostprocessing = 0;
		};
/* End PBXHeadersBuildPhase section */

/* Begin PBXNativeTarget section */
		A13ABFB51F1F41C900A09D8B /* IMXUIsCpt */ = {
			isa = PBXNativeTarget;
			buildConfigurationList = A13ABFBE1F1F41CA00A09D8B /* Build configuration list for PBXNativeTarget "IMXUIsCpt" */;
			buildPhases = (
				A13ABFB11F1F41C900A09D8B /* Sources */,
				A13ABFB21F1F41C900A09D8B /* Frameworks */,
				A13ABFB31F1F41C900A09D8B /* Headers */,
				A13ABFB41F1F41C900A09D8B /* Resources */,
				A13ABFC11F1F48E000A09D8B /* ShellScript */,
				A1133C161F1F584700D2A774 /* CopyFiles */,
			);
			buildRules = (
			);
			dependencies = (
			);
			name = IMXUIsCpt;
			productName = IMXUIsCpt;
			productReference = A13ABFB61F1F41C900A09D8B /* IMXUIsCpt.framework */;
			productType = "com.apple.product-type.framework";
		};
/* End PBXNativeTarget section */

/* Begin PBXProject section */
		A13ABFAD1F1F41C900A09D8B /* Project object */ = {
			isa = PBXProject;
			attributes = {
				LastUpgradeCheck = 0830;
				ORGANIZATIONNAME = panzhow;
				TargetAttributes = {
					A1133C1C1F1F5D4800D2A774 = {
						CreatedOnToolsVersion = 8.3.3;
						ProvisioningStyle = Automatic;
					};
					A13ABFB51F1F41C900A09D8B = {
						CreatedOnToolsVersion = 8.3.3;
						ProvisioningStyle = Automatic;
					};
				};
			};
			buildConfigurationList = A13ABFB01F1F41C900A09D8B /* Build configuration list for PBXProject "IMXUIsCpt" */;
			compatibilityVersion = "Xcode 3.2";
			developmentRegion = English;
			hasScannedForEncodings = 0;
			knownRegions = (
				en,
			);
			mainGroup = A13ABFAC1F1F41C900A09D8B;
			productRefGroup = A13ABFB71F1F41C900A09D8B /* Products */;
			projectDirPath = "";
			projectRoot = "";
			targets = (
				A13ABFB51F1F41C900A09D8B /* IMXUIsCpt */,
				A1133C1C1F1F5D4800D2A774 /* IMXUIsCptAgg */,
			);
		};
/* End PBXProject section */

/* Begin PBXResourcesBuildPhase section */
		A13ABFB41F1F41C900A09D8B /* Resources */ = {
			isa = PBXResourcesBuildPhase;
			buildActionMask = 2147483647;
			files = (
			);
			runOnlyForDeploymentPostprocessing = 0;
		};
/* End PBXResourcesBuildPhase section */

/* Begin PBXShellScriptBuildPhase section */
		A1133C201F1F5D5B00D2A774 /* ShellScript */ = {
			isa = PBXShellScriptBuildPhase;
			buildActionMask = 2147483647;
			files = (
			);
			inputPaths = (
			);
			outputPaths = (
			);
			runOnlyForDeploymentPostprocessing = 0;
			shellPath = /bin/sh;
			shellScript = "FMK_NAME=IMXUIsCpt\n# Install dir will be the final output tothe framework.\n# The following line create it in the rootfolder of the current project.\nINSTALL_DIR=${SRCROOT}/../Apps/${FMK_NAME}.framework\n\n# Working dir will be deleted after theframework creation.\nWRK_DIR=build\nDEVICE_DIR=${WRK_DIR}/Release-iphoneos/${FMK_NAME}.framework\nSIMULATOR_DIR=${WRK_DIR}/Release-iphonesimulator/${FMK_NAME}.framework\n# -configuration ${CONFIGURATION}\n# Clean and Building both architectures.\nxcodebuild -configuration \"Release\" -target \"${FMK_NAME}\" -sdk iphoneos clean build\nif [ \"${CONFIGURATION}\" = \"Debug\" ];\nthen\nxcodebuild -configuration \"Release\" -target \"${FMK_NAME}\" -sdk iphonesimulator\nclean build\nfi\n# Cleaning the oldest.\nif [ -d \"${INSTALL_DIR}\" ]\nthen\nrm -rf \"${INSTALL_DIR}\"\nfi\nmkdir -p \"${INSTALL_DIR}\"\ncp -R \"${DEVICE_DIR}/\" \"${INSTALL_DIR}/\"\n# Uses the Lipo Tool to merge both binaryfiles (i386 + armv6/armv7) into one Universal final product.\nif [ \"${CONFIGURATION}\" = \"Debug\" ];\nthen\nlipo -create \"${DEVICE_DIR}/${FMK_NAME}\" \"${SIMULATOR_DIR}/${FMK_NAME}\" -output \"${INSTALL_DIR}/${FMK_NAME}\"\nelse\nlipo -create \"${DEVICE_DIR}/${FMK_NAME}\" -output \"${INSTALL_DIR}/${FMK_NAME}\"\nfi\nrm -r \"${WRK_DIR}\"";
		};
		A13ABFC11F1F48E000A09D8B /* ShellScript */ = {
			isa = PBXShellScriptBuildPhase;
			buildActionMask = 2147483647;
			files = (
			);
			inputPaths = (
			);
			outputPaths = (
			);
			runOnlyForDeploymentPostprocessing = 0;
			shellPath = /bin/sh;
			shellScript = "";
		};
/* End PBXShellScriptBuildPhase section */

/* Begin PBXSourcesBuildPhase section */
		A13ABFB11F1F41C900A09D8B /* Sources */ = {
			isa = PBXSourcesBuildPhase;
			buildActionMask = 2147483647;
			files = (
				A15FF6DD201090EF003D4C07 /* IMXUITableReuseView.m in Sources */,
				A15FF67A20107204003D4C07 /* IMXTabBarItem.m in Sources */,
				A15FF6A720108FFA003D4C07 /* IMXTextView.m in Sources */,
				A15FF6A520108FFA003D4C07 /* IMXNoPasteTextField.m in Sources */,
				A15FF67C20107204003D4C07 /* IMXTabbarItemModel.m in Sources */,
				A15FF69F20108FFA003D4C07 /* IMXButton.m in Sources */,
				A15FF6DF201090EF003D4C07 /* IMXTableView.m in Sources */,
				A15FF6CB201090EF003D4C07 /* IMXCollectionView.m in Sources */,
				A15FF6A120108FFA003D4C07 /* IMXFlatButton.m in Sources */,
				A15FF6E3201090EF003D4C07 /* IMXCollectionViewTagsFlowLayout.m in Sources */,
				A15FF69020107438003D4C07 /* IMXIconfont.m in Sources */,
				A15FF67820107204003D4C07 /* IMXTabBar.m in Sources */,
				A15FF68C20107438003D4C07 /* UIColor+IMXColorKit.m in Sources */,
				A15FF655201069FF003D4C07 /* UIImage+IMXExtFork.m in Sources */,
				A15FF6602010701A003D4C07 /* IMXTipsShowUtil.m in Sources */,
				A15FF6A320108FFA003D4C07 /* IMXLineView.m in Sources */,
				A15FF6D3201090EF003D4C07 /* IMXCollectionReuseView.m in Sources */,
				A15FF67F20107204003D4C07 /* IMXTabBarViewController.m in Sources */,
				A15FF66C20107193003D4C07 /* IMXDeviceUtil.m in Sources */,
				A15FF68E20107438003D4C07 /* UIFont+IMXFontKit.m in Sources */,
				A15FF6CF201090EF003D4C07 /* IMXBaseCollectionViewCell.m in Sources */,
				A15FF6D1201090EF003D4C07 /* IMXBaseTableViewCell.m in Sources */,
				A15FF65B201069FF003D4C07 /* UIViewController+IMXExtFork.m in Sources */,
				A15FF659201069FF003D4C07 /* UIView+IMXFrameFork.m in Sources */,
			);
			runOnlyForDeploymentPostprocessing = 0;
		};
/* End PBXSourcesBuildPhase section */

/* Begin XCBuildConfiguration section */
		A1133C1E1F1F5D4800D2A774 /* Debug */ = {
			isa = XCBuildConfiguration;
			buildSettings = {
				PRODUCT_NAME = "$(TARGET_NAME)";
			};
			name = Debug;
		};
		A1133C1F1F1F5D4800D2A774 /* Release */ = {
			isa = XCBuildConfiguration;
			buildSettings = {
				PRODUCT_NAME = "$(TARGET_NAME)";
			};
			name = Release;
		};
		A13ABFBC1F1F41CA00A09D8B /* Debug */ = {
			isa = XCBuildConfiguration;
			buildSettings = {
				ALWAYS_SEARCH_USER_PATHS = NO;
				CLANG_ANALYZER_NONNULL = YES;
				CLANG_ANALYZER_NUMBER_OBJECT_CONVERSION = YES_AGGRESSIVE;
				CLANG_CXX_LANGUAGE_STANDARD = "gnu++0x";
				CLANG_CXX_LIBRARY = "libc++";
				CLANG_ENABLE_MODULES = YES;
				CLANG_ENABLE_OBJC_ARC = YES;
				CLANG_WARN_BOOL_CONVERSION = YES;
				CLANG_WARN_CONSTANT_CONVERSION = YES;
				CLANG_WARN_DIRECT_OBJC_ISA_USAGE = YES_ERROR;
				CLANG_WARN_DOCUMENTATION_COMMENTS = YES;
				CLANG_WARN_EMPTY_BODY = YES;
				CLANG_WARN_ENUM_CONVERSION = YES;
				CLANG_WARN_INFINITE_RECURSION = YES;
				CLANG_WARN_INT_CONVERSION = YES;
				CLANG_WARN_OBJC_ROOT_CLASS = YES_ERROR;
				CLANG_WARN_SUSPICIOUS_MOVE = YES;
				CLANG_WARN_UNREACHABLE_CODE = YES;
				CLANG_WARN__DUPLICATE_METHOD_MATCH = YES;
				"CODE_SIGN_IDENTITY[sdk=iphoneos*]" = "iPhone Developer";
				COPY_PHASE_STRIP = NO;
				CURRENT_PROJECT_VERSION = 1;
				DEBUG_INFORMATION_FORMAT = dwarf;
				ENABLE_STRICT_OBJC_MSGSEND = YES;
				ENABLE_TESTABILITY = YES;
				GCC_C_LANGUAGE_STANDARD = gnu99;
				GCC_DYNAMIC_NO_PIC = NO;
				GCC_NO_COMMON_BLOCKS = YES;
				GCC_OPTIMIZATION_LEVEL = 0;
				GCC_PREPROCESSOR_DEFINITIONS = (
					"DEBUG=1",
					"$(inherited)",
				);
				GCC_WARN_64_TO_32_BIT_CONVERSION = YES;
				GCC_WARN_ABOUT_RETURN_TYPE = YES_ERROR;
				GCC_WARN_UNDECLARED_SELECTOR = YES;
				GCC_WARN_UNINITIALIZED_AUTOS = YES_AGGRESSIVE;
				GCC_WARN_UNUSED_FUNCTION = YES;
				GCC_WARN_UNUSED_VARIABLE = YES;
				IPHONEOS_DEPLOYMENT_TARGET = 10.3;
				MTL_ENABLE_DEBUG_INFO = YES;
				ONLY_ACTIVE_ARCH = YES;
				SDKROOT = iphoneos;
				TARGETED_DEVICE_FAMILY = "1,2";
				VERSIONING_SYSTEM = "apple-generic";
				VERSION_INFO_PREFIX = "";
			};
			name = Debug;
		};
		A13ABFBD1F1F41CA00A09D8B /* Release */ = {
			isa = XCBuildConfiguration;
			buildSettings = {
				ALWAYS_SEARCH_USER_PATHS = NO;
				CLANG_ANALYZER_NONNULL = YES;
				CLANG_ANALYZER_NUMBER_OBJECT_CONVERSION = YES_AGGRESSIVE;
				CLANG_CXX_LANGUAGE_STANDARD = "gnu++0x";
				CLANG_CXX_LIBRARY = "libc++";
				CLANG_ENABLE_MODULES = YES;
				CLANG_ENABLE_OBJC_ARC = YES;
				CLANG_WARN_BOOL_CONVERSION = YES;
				CLANG_WARN_CONSTANT_CONVERSION = YES;
				CLANG_WARN_DIRECT_OBJC_ISA_USAGE = YES_ERROR;
				CLANG_WARN_DOCUMENTATION_COMMENTS = YES;
				CLANG_WARN_EMPTY_BODY = YES;
				CLANG_WARN_ENUM_CONVERSION = YES;
				CLANG_WARN_INFINITE_RECURSION = YES;
				CLANG_WARN_INT_CONVERSION = YES;
				CLANG_WARN_OBJC_ROOT_CLASS = YES_ERROR;
				CLANG_WARN_SUSPICIOUS_MOVE = YES;
				CLANG_WARN_UNREACHABLE_CODE = YES;
				CLANG_WARN__DUPLICATE_METHOD_MATCH = YES;
				"CODE_SIGN_IDENTITY[sdk=iphoneos*]" = "iPhone Developer";
				COPY_PHASE_STRIP = NO;
				CURRENT_PROJECT_VERSION = 1;
				DEBUG_INFORMATION_FORMAT = "dwarf-with-dsym";
				ENABLE_NS_ASSERTIONS = NO;
				ENABLE_STRICT_OBJC_MSGSEND = YES;
				GCC_C_LANGUAGE_STANDARD = gnu99;
				GCC_NO_COMMON_BLOCKS = YES;
				GCC_WARN_64_TO_32_BIT_CONVERSION = YES;
				GCC_WARN_ABOUT_RETURN_TYPE = YES_ERROR;
				GCC_WARN_UNDECLARED_SELECTOR = YES;
				GCC_WARN_UNINITIALIZED_AUTOS = YES_AGGRESSIVE;
				GCC_WARN_UNUSED_FUNCTION = YES;
				GCC_WARN_UNUSED_VARIABLE = YES;
				IPHONEOS_DEPLOYMENT_TARGET = 10.3;
				MTL_ENABLE_DEBUG_INFO = NO;
				SDKROOT = iphoneos;
				TARGETED_DEVICE_FAMILY = "1,2";
				VALIDATE_PRODUCT = YES;
				VERSIONING_SYSTEM = "apple-generic";
				VERSION_INFO_PREFIX = "";
			};
			name = Release;
		};
		A13ABFBF1F1F41CA00A09D8B /* Debug */ = {
			isa = XCBuildConfiguration;
			buildSettings = {
				CODE_SIGN_IDENTITY = "";
				DEFINES_MODULE = YES;
				DYLIB_COMPATIBILITY_VERSION = 1;
				DYLIB_CURRENT_VERSION = 1;
				DYLIB_INSTALL_NAME_BASE = "@rpath";
				ENABLE_BITCODE = NO;
				FRAMEWORK_SEARCH_PATHS = ../Apps;
				GCC_PRECOMPILE_PREFIX_HEADER = YES;
				GCC_PREFIX_HEADER = "$(SRCROOT)/$(PROJECT)/$(PROJECT)-Prefix.pch";
				HEADER_SEARCH_PATHS = ../Pods/Headers/Public;
				INFOPLIST_FILE = IMXUIsCpt/Info.plist;
				INSTALL_PATH = "$(LOCAL_LIBRARY_DIR)/Frameworks";
				IPHONEOS_DEPLOYMENT_TARGET = 8.0;
				LD_RUNPATH_SEARCH_PATHS = "$(inherited) @executable_path/Frameworks @loader_path/Frameworks";
				MACH_O_TYPE = staticlib;
				PRODUCT_BUNDLE_IDENTIFIER = "com.--.--.IMXUIsCpt";
				PRODUCT_NAME = "$(TARGET_NAME)";
				SKIP_INSTALL = YES;
			};
			name = Debug;
		};
		A13ABFC01F1F41CA00A09D8B /* Release */ = {
			isa = XCBuildConfiguration;
			buildSettings = {
				CODE_SIGN_IDENTITY = "";
				DEFINES_MODULE = YES;
				DYLIB_COMPATIBILITY_VERSION = 1;
				DYLIB_CURRENT_VERSION = 1;
				DYLIB_INSTALL_NAME_BASE = "@rpath";
				ENABLE_BITCODE = NO;
				FRAMEWORK_SEARCH_PATHS = ../Apps;
				GCC_PRECOMPILE_PREFIX_HEADER = YES;
				GCC_PREFIX_HEADER = "$(SRCROOT)/$(PROJECT)/$(PROJECT)-Prefix.pch";
				HEADER_SEARCH_PATHS = ../Pods/Headers/Public;
				INFOPLIST_FILE = IMXUIsCpt/Info.plist;
				INSTALL_PATH = "$(LOCAL_LIBRARY_DIR)/Frameworks";
				IPHONEOS_DEPLOYMENT_TARGET = 8.0;
				LD_RUNPATH_SEARCH_PATHS = "$(inherited) @executable_path/Frameworks @loader_path/Frameworks";
				MACH_O_TYPE = staticlib;
				PRODUCT_BUNDLE_IDENTIFIER = "com.--.--.IMXUIsCpt";
				PRODUCT_NAME = "$(TARGET_NAME)";
				SKIP_INSTALL = YES;
			};
			name = Release;
		};
/* End XCBuildConfiguration section */

/* Begin XCConfigurationList section */
		A1133C1D1F1F5D4800D2A774 /* Build configuration list for PBXAggregateTarget "IMXUIsCptAgg" */ = {
			isa = XCConfigurationList;
			buildConfigurations = (
				A1133C1E1F1F5D4800D2A774 /* Debug */,
				A1133C1F1F1F5D4800D2A774 /* Release */,
			);
			defaultConfigurationIsVisible = 0;
			defaultConfigurationName = Release;
		};
		A13ABFB01F1F41C900A09D8B /* Build configuration list for PBXProject "IMXUIsCpt" */ = {
			isa = XCConfigurationList;
			buildConfigurations = (
				A13ABFBC1F1F41CA00A09D8B /* Debug */,
				A13ABFBD1F1F41CA00A09D8B /* Release */,
			);
			defaultConfigurationIsVisible = 0;
			defaultConfigurationName = Release;
		};
		A13ABFBE1F1F41CA00A09D8B /* Build configuration list for PBXNativeTarget "IMXUIsCpt" */ = {
			isa = XCConfigurationList;
			buildConfigurations = (
				A13ABFBF1F1F41CA00A09D8B /* Debug */,
				A13ABFC01F1F41CA00A09D8B /* Release */,
			);
			defaultConfigurationIsVisible = 0;
			defaultConfigurationName = Release;
		};
/* End XCConfigurationList section */
	};
	rootObject = A13ABFAD1F1F41C900A09D8B /* Project object */;
}
